// !$*UTF8*$!
{
	archiveVersion = 1;
	classes = {
	};
	objectVersion = 56;
	objects = {

/* Begin PBXBuildFile section */
		A425BE8E2C2539F50048F0D2 /* UserDefaultsManager.swift in Sources */ = {isa = PBXBuildFile; fileRef = A425BE8D2C2539F50048F0D2 /* UserDefaultsManager.swift */; };
		A4875C152C23935C008B98FE /* DottedTutorialProgressIndicator.swift in Sources */ = {isa = PBXBuildFile; fileRef = A4875C142C23935C008B98FE /* DottedTutorialProgressIndicator.swift */; };
		A498B0AD2C21437500C33042 /* TutorialPageView.swift in Sources */ = {isa = PBXBuildFile; fileRef = A498B0AC2C21437500C33042 /* TutorialPageView.swift */; };
		A4D5E92A2C16C3C8006410AE /* aiPhotoDiaryApp.swift in Sources */ = {isa = PBXBuildFile; fileRef = A4D5E9292C16C3C8006410AE /* aiPhotoDiaryApp.swift */; };
		A4D5E92E2C16C3CA006410AE /* Assets.xcassets in Resources */ = {isa = PBXBuildFile; fileRef = A4D5E92D2C16C3CA006410AE /* Assets.xcassets */; };
		A4D5E9312C16C3CA006410AE /* Preview Assets.xcassets in Resources */ = {isa = PBXBuildFile; fileRef = A4D5E9302C16C3CA006410AE /* Preview Assets.xcassets */; };
		A4D5E9402C16C57B006410AE /* NetworkManager.swift in Sources */ = {isa = PBXBuildFile; fileRef = A4D5E93F2C16C57B006410AE /* NetworkManager.swift */; };
		A4D5E9422C16C5B4006410AE /* TutorialPageInfo.swift in Sources */ = {isa = PBXBuildFile; fileRef = A4D5E9412C16C5B4006410AE /* TutorialPageInfo.swift */; };
		A4D5E9442C16CC40006410AE /* SlidingTutorialView.swift in Sources */ = {isa = PBXBuildFile; fileRef = A4D5E9432C16CC40006410AE /* SlidingTutorialView.swift */; };
		A4D5E9462C16CC57006410AE /* DiaryListView.swift in Sources */ = {isa = PBXBuildFile; fileRef = A4D5E9452C16CC57006410AE /* DiaryListView.swift */; };
/* End PBXBuildFile section */

/* Begin PBXFileReference section */
		A425BE8D2C2539F50048F0D2 /* UserDefaultsManager.swift */ = {isa = PBXFileReference; lastKnownFileType = sourcecode.swift; path = UserDefaultsManager.swift; sourceTree = "<group>"; };
		A4875C142C23935C008B98FE /* DottedTutorialProgressIndicator.swift */ = {isa = PBXFileReference; lastKnownFileType = sourcecode.swift; path = DottedTutorialProgressIndicator.swift; sourceTree = "<group>"; };
		A498B0AC2C21437500C33042 /* TutorialPageView.swift */ = {isa = PBXFileReference; lastKnownFileType = sourcecode.swift; path = TutorialPageView.swift; sourceTree = "<group>"; };
		A4D5E9262C16C3C8006410AE /* aiPhotoDiary.app */ = {isa = PBXFileReference; explicitFileType = wrapper.application; includeInIndex = 0; path = aiPhotoDiary.app; sourceTree = BUILT_PRODUCTS_DIR; };
		A4D5E9292C16C3C8006410AE /* aiPhotoDiaryApp.swift */ = {isa = PBXFileReference; lastKnownFileType = sourcecode.swift; path = aiPhotoDiaryApp.swift; sourceTree = "<group>"; };
		A4D5E92D2C16C3CA006410AE /* Assets.xcassets */ = {isa = PBXFileReference; lastKnownFileType = folder.assetcatalog; path = Assets.xcassets; sourceTree = "<group>"; };
		A4D5E9302C16C3CA006410AE /* Preview Assets.xcassets */ = {isa = PBXFileReference; lastKnownFileType = folder.assetcatalog; path = "Preview Assets.xcassets"; sourceTree = "<group>"; };
		A4D5E93F2C16C57B006410AE /* NetworkManager.swift */ = {isa = PBXFileReference; lastKnownFileType = sourcecode.swift; path = NetworkManager.swift; sourceTree = "<group>"; };
		A4D5E9412C16C5B4006410AE /* TutorialPageInfo.swift */ = {isa = PBXFileReference; lastKnownFileType = sourcecode.swift; path = TutorialPageInfo.swift; sourceTree = "<group>"; };
		A4D5E9432C16CC40006410AE /* SlidingTutorialView.swift */ = {isa = PBXFileReference; lastKnownFileType = sourcecode.swift; path = SlidingTutorialView.swift; sourceTree = "<group>"; };
		A4D5E9452C16CC57006410AE /* DiaryListView.swift */ = {isa = PBXFileReference; lastKnownFileType = sourcecode.swift; path = DiaryListView.swift; sourceTree = "<group>"; };
/* End PBXFileReference section */

/* Begin PBXFrameworksBuildPhase section */
		A4D5E9232C16C3C8006410AE /* Frameworks */ = {
			isa = PBXFrameworksBuildPhase;
			buildActionMask = 2147483647;
			files = (
			);
			runOnlyForDeploymentPostprocessing = 0;
		};
/* End PBXFrameworksBuildPhase section */

/* Begin PBXGroup section */
		A4D5E91D2C16C3C8006410AE = {
			isa = PBXGroup;
			children = (
				A4D5E9282C16C3C8006410AE /* aiPhotoDiary */,
				A4D5E9272C16C3C8006410AE /* Products */,
			);
			sourceTree = "<group>";
		};
		A4D5E9272C16C3C8006410AE /* Products */ = {
			isa = PBXGroup;
			children = (
				A4D5E9262C16C3C8006410AE /* aiPhotoDiary.app */,
			);
			name = Products;
			sourceTree = "<group>";
		};
		A4D5E9282C16C3C8006410AE /* aiPhotoDiary */ = {
			isa = PBXGroup;
			children = (
				A4D5E9392C16C3E8006410AE /* Utilities */,
				A4D5E9382C16C3DF006410AE /* Model */,
				A4D5E9372C16C3DA006410AE /* Views */,
				A4D5E9292C16C3C8006410AE /* aiPhotoDiaryApp.swift */,
				A4D5E92D2C16C3CA006410AE /* Assets.xcassets */,
				A4D5E92F2C16C3CA006410AE /* Preview Content */,
			);
			path = aiPhotoDiary;
			sourceTree = "<group>";
		};
		A4D5E92F2C16C3CA006410AE /* Preview Content */ = {
			isa = PBXGroup;
			children = (
				A4D5E9302C16C3CA006410AE /* Preview Assets.xcassets */,
			);
			path = "Preview Content";
			sourceTree = "<group>";
		};
		A4D5E9372C16C3DA006410AE /* Views */ = {
			isa = PBXGroup;
			children = (
				A4D5E93E2C16C54F006410AE /* CreateEntryView */,
				A4D5E93D2C16C53F006410AE /* SettingView */,
				A4D5E93C2C16C532006410AE /* StatsView */,
				A4D5E93B2C16C51D006410AE /* DiaryListView */,
				A4D5E93A2C16C517006410AE /* TutorialViews */,
			);
			path = Views;
			sourceTree = "<group>";
		};
		A4D5E9382C16C3DF006410AE /* Model */ = {
			isa = PBXGroup;
			children = (
				A4D5E9412C16C5B4006410AE /* TutorialPageInfo.swift */,
			);
			path = Model;
			sourceTree = "<group>";
		};
		A4D5E9392C16C3E8006410AE /* Utilities */ = {
			isa = PBXGroup;
			children = (
				A4D5E93F2C16C57B006410AE /* NetworkManager.swift */,
				A425BE8D2C2539F50048F0D2 /* UserDefaultsManager.swift */,
			);
			path = Utilities;
			sourceTree = "<group>";
		};
		A4D5E93A2C16C517006410AE /* TutorialViews */ = {
			isa = PBXGroup;
			children = (
				A4D5E9432C16CC40006410AE /* SlidingTutorialView.swift */,
				A498B0AC2C21437500C33042 /* TutorialPageView.swift */,
				A4875C142C23935C008B98FE /* DottedTutorialProgressIndicator.swift */,
			);
			path = TutorialViews;
			sourceTree = "<group>";
		};
		A4D5E93B2C16C51D006410AE /* DiaryListView */ = {
			isa = PBXGroup;
			children = (
				A4D5E9452C16CC57006410AE /* DiaryListView.swift */,
			);
			path = DiaryListView;
			sourceTree = "<group>";
		};
		A4D5E93C2C16C532006410AE /* StatsView */ = {
			isa = PBXGroup;
			children = (
			);
			path = StatsView;
			sourceTree = "<group>";
		};
		A4D5E93D2C16C53F006410AE /* SettingView */ = {
			isa = PBXGroup;
			children = (
			);
			path = SettingView;
			sourceTree = "<group>";
		};
		A4D5E93E2C16C54F006410AE /* CreateEntryView */ = {
			isa = PBXGroup;
			children = (
			);
			path = CreateEntryView;
			sourceTree = "<group>";
		};
/* End PBXGroup section */

/* Begin PBXNativeTarget section */
		A4D5E9252C16C3C8006410AE /* aiPhotoDiary */ = {
			isa = PBXNativeTarget;
			buildConfigurationList = A4D5E9342C16C3CA006410AE /* Build configuration list for PBXNativeTarget "aiPhotoDiary" */;
			buildPhases = (
				A4D5E9222C16C3C8006410AE /* Sources */,
				A4D5E9232C16C3C8006410AE /* Frameworks */,
				A4D5E9242C16C3C8006410AE /* Resources */,
			);
			buildRules = (
			);
			dependencies = (
			);
			name = aiPhotoDiary;
			productName = aiPhotoDiary;
			productReference = A4D5E9262C16C3C8006410AE /* aiPhotoDiary.app */;
			productType = "com.apple.product-type.application";
		};
/* End PBXNativeTarget section */

/* Begin PBXProject section */
		A4D5E91E2C16C3C8006410AE /* Project object */ = {
			isa = PBXProject;
			attributes = {
				BuildIndependentTargetsInParallel = 1;
				LastSwiftUpdateCheck = 1500;
				LastUpgradeCheck = 1500;
				TargetAttributes = {
					A4D5E9252C16C3C8006410AE = {
						CreatedOnToolsVersion = 15.0;
					};
				};
			};
			buildConfigurationList = A4D5E9212C16C3C8006410AE /* Build configuration list for PBXProject "aiPhotoDiary" */;
			compatibilityVersion = "Xcode 14.0";
			developmentRegion = en;
			hasScannedForEncodings = 0;
			knownRegions = (
				en,
				Base,
			);
			mainGroup = A4D5E91D2C16C3C8006410AE;
			productRefGroup = A4D5E9272C16C3C8006410AE /* Products */;
			projectDirPath = "";
			projectRoot = "";
			targets = (
				A4D5E9252C16C3C8006410AE /* aiPhotoDiary */,
			);
		};
/* End PBXProject section */

/* Begin PBXResourcesBuildPhase section */
		A4D5E9242C16C3C8006410AE /* Resources */ = {
			isa = PBXResourcesBuildPhase;
			buildActionMask = 2147483647;
			files = (
				A4D5E9312C16C3CA006410AE /* Preview Assets.xcassets in Resources */,
				A4D5E92E2C16C3CA006410AE /* Assets.xcassets in Resources */,
			);
			runOnlyForDeploymentPostprocessing = 0;
		};
/* End PBXResourcesBuildPhase section */

/* Begin PBXSourcesBuildPhase section */
		A4D5E9222C16C3C8006410AE /* Sources */ = {
			isa = PBXSourcesBuildPhase;
			buildActionMask = 2147483647;
			files = (
				A4D5E9402C16C57B006410AE /* NetworkManager.swift in Sources */,
				A4D5E9422C16C5B4006410AE /* TutorialPageInfo.swift in Sources */,
				A4875C152C23935C008B98FE /* DottedTutorialProgressIndicator.swift in Sources */,
				A498B0AD2C21437500C33042 /* TutorialPageView.swift in Sources */,
				A4D5E9442C16CC40006410AE /* SlidingTutorialView.swift in Sources */,
				A4D5E9462C16CC57006410AE /* DiaryListView.swift in Sources */,
				A425BE8E2C2539F50048F0D2 /* UserDefaultsManager.swift in Sources */,
				A4D5E92A2C16C3C8006410AE /* aiPhotoDiaryApp.swift in Sources */,
			);
			runOnlyForDeploymentPostprocessing = 0;
		};
/* End PBXSourcesBuildPhase section */

/* Begin XCBuildConfiguration section */
		A4D5E9322C16C3CA006410AE /* Debug */ = {
			isa = XCBuildConfiguration;
			buildSettings = {
				ALWAYS_SEARCH_USER_PATHS = NO;
				ASSETCATALOG_COMPILER_GENERATE_SWIFT_ASSET_SYMBOL_EXTENSIONS = YES;
				CLANG_ANALYZER_NONNULL = YES;
				CLANG_ANALYZER_NUMBER_OBJECT_CONVERSION = YES_AGGRESSIVE;
				CLANG_CXX_LANGUAGE_STANDARD = "gnu++20";
				CLANG_ENABLE_MODULES = YES;
				CLANG_ENABLE_OBJC_ARC = YES;
				CLANG_ENABLE_OBJC_WEAK = YES;
				CLANG_WARN_BLOCK_CAPTURE_AUTORELEASING = YES;
				CLANG_WARN_BOOL_CONVERSION = YES;
				CLANG_WARN_COMMA = YES;
				CLANG_WARN_CONSTANT_CONVERSION = YES;
				CLANG_WARN_DEPRECATED_OBJC_IMPLEMENTATIONS = YES;
				CLANG_WARN_DIRECT_OBJC_ISA_USAGE = YES_ERROR;
				CLANG_WARN_DOCUMENTATION_COMMENTS = YES;
				CLANG_WARN_EMPTY_BODY = YES;
				CLANG_WARN_ENUM_CONVERSION = YES;
				CLANG_WARN_INFINITE_RECURSION = YES;
				CLANG_WARN_INT_CONVERSION = YES;
				CLANG_WARN_NON_LITERAL_NULL_CONVERSION = YES;
				CLANG_WARN_OBJC_IMPLICIT_RETAIN_SELF = YES;
				CLANG_WARN_OBJC_LITERAL_CONVERSION = YES;
				CLANG_WARN_OBJC_ROOT_CLASS = YES_ERROR;
				CLANG_WARN_QUOTED_INCLUDE_IN_FRAMEWORK_HEADER = YES;
				CLANG_WARN_RANGE_LOOP_ANALYSIS = YES;
				CLANG_WARN_STRICT_PROTOTYPES = YES;
				CLANG_WARN_SUSPICIOUS_MOVE = YES;
				CLANG_WARN_UNGUARDED_AVAILABILITY = YES_AGGRESSIVE;
				CLANG_WARN_UNREACHABLE_CODE = YES;
				CLANG_WARN__DUPLICATE_METHOD_MATCH = YES;
				COPY_PHASE_STRIP = NO;
				DEBUG_INFORMATION_FORMAT = dwarf;
				ENABLE_STRICT_OBJC_MSGSEND = YES;
				ENABLE_TESTABILITY = YES;
				ENABLE_USER_SCRIPT_SANDBOXING = YES;
				GCC_C_LANGUAGE_STANDARD = gnu17;
				GCC_DYNAMIC_NO_PIC = NO;
				GCC_NO_COMMON_BLOCKS = YES;
				GCC_OPTIMIZATION_LEVEL = 0;
				GCC_PREPROCESSOR_DEFINITIONS = (
					"DEBUG=1",
					"$(inherited)",
				);
				GCC_WARN_64_TO_32_BIT_CONVERSION = YES;
				GCC_WARN_ABOUT_RETURN_TYPE = YES_ERROR;
				GCC_WARN_UNDECLARED_SELECTOR = YES;
				GCC_WARN_UNINITIALIZED_AUTOS = YES_AGGRESSIVE;
				GCC_WARN_UNUSED_FUNCTION = YES;
				GCC_WARN_UNUSED_VARIABLE = YES;
				IPHONEOS_DEPLOYMENT_TARGET = 17.0;
				LOCALIZATION_PREFERS_STRING_CATALOGS = YES;
				MTL_ENABLE_DEBUG_INFO = INCLUDE_SOURCE;
				MTL_FAST_MATH = YES;
				ONLY_ACTIVE_ARCH = YES;
				SDKROOT = iphoneos;
				SWIFT_ACTIVE_COMPILATION_CONDITIONS = "DEBUG $(inherited)";
				SWIFT_OPTIMIZATION_LEVEL = "-Onone";
			};
			name = Debug;
		};
		A4D5E9332C16C3CA006410AE /* Release */ = {
			isa = XCBuildConfiguration;
			buildSettings = {
				ALWAYS_SEARCH_USER_PATHS = NO;
				ASSETCATALOG_COMPILER_GENERATE_SWIFT_ASSET_SYMBOL_EXTENSIONS = YES;
				CLANG_ANALYZER_NONNULL = YES;
				CLANG_ANALYZER_NUMBER_OBJECT_CONVERSION = YES_AGGRESSIVE;
				CLANG_CXX_LANGUAGE_STANDARD = "gnu++20";
				CLANG_ENABLE_MODULES = YES;
				CLANG_ENABLE_OBJC_ARC = YES;
				CLANG_ENABLE_OBJC_WEAK = YES;
				CLANG_WARN_BLOCK_CAPTURE_AUTORELEASING = YES;
				CLANG_WARN_BOOL_CONVERSION = YES;
				CLANG_WARN_COMMA = YES;
				CLANG_WARN_CONSTANT_CONVERSION = YES;
				CLANG_WARN_DEPRECATED_OBJC_IMPLEMENTATIONS = YES;
				CLANG_WARN_DIRECT_OBJC_ISA_USAGE = YES_ERROR;
				CLANG_WARN_DOCUMENTATION_COMMENTS = YES;
				CLANG_WARN_EMPTY_BODY = YES;
				CLANG_WARN_ENUM_CONVERSION = YES;
				CLANG_WARN_INFINITE_RECURSION = YES;
				CLANG_WARN_INT_CONVERSION = YES;
				CLANG_WARN_NON_LITERAL_NULL_CONVERSION = YES;
				CLANG_WARN_OBJC_IMPLICIT_RETAIN_SELF = YES;
				CLANG_WARN_OBJC_LITERAL_CONVERSION = YES;
				CLANG_WARN_OBJC_ROOT_CLASS = YES_ERROR;
				CLANG_WARN_QUOTED_INCLUDE_IN_FRAMEWORK_HEADER = YES;
				CLANG_WARN_RANGE_LOOP_ANALYSIS = YES;
				CLANG_WARN_STRICT_PROTOTYPES = YES;
				CLANG_WARN_SUSPICIOUS_MOVE = YES;
				CLANG_WARN_UNGUARDED_AVAILABILITY = YES_AGGRESSIVE;
				CLANG_WARN_UNREACHABLE_CODE = YES;
				CLANG_WARN__DUPLICATE_METHOD_MATCH = YES;
				COPY_PHASE_STRIP = NO;
				DEBUG_INFORMATION_FORMAT = "dwarf-with-dsym";
				ENABLE_NS_ASSERTIONS = NO;
				ENABLE_STRICT_OBJC_MSGSEND = YES;
				ENABLE_USER_SCRIPT_SANDBOXING = YES;
				GCC_C_LANGUAGE_STANDARD = gnu17;
				GCC_NO_COMMON_BLOCKS = YES;
				GCC_WARN_64_TO_32_BIT_CONVERSION = YES;
				GCC_WARN_ABOUT_RETURN_TYPE = YES_ERROR;
				GCC_WARN_UNDECLARED_SELECTOR = YES;
				GCC_WARN_UNINITIALIZED_AUTOS = YES_AGGRESSIVE;
				GCC_WARN_UNUSED_FUNCTION = YES;
				GCC_WARN_UNUSED_VARIABLE = YES;
				IPHONEOS_DEPLOYMENT_TARGET = 17.0;
				LOCALIZATION_PREFERS_STRING_CATALOGS = YES;
				MTL_ENABLE_DEBUG_INFO = NO;
				MTL_FAST_MATH = YES;
				SDKROOT = iphoneos;
				SWIFT_COMPILATION_MODE = wholemodule;
				VALIDATE_PRODUCT = YES;
			};
			name = Release;
		};
		A4D5E9352C16C3CA006410AE /* Debug */ = {
			isa = XCBuildConfiguration;
			buildSettings = {
				ASSETCATALOG_COMPILER_APPICON_NAME = AppIcon;
				ASSETCATALOG_COMPILER_GLOBAL_ACCENT_COLOR_NAME = AccentColor;
				CODE_SIGN_STYLE = Automatic;
				CURRENT_PROJECT_VERSION = 1;
				DEVELOPMENT_ASSET_PATHS = "\"aiPhotoDiary/Preview Content\"";
				ENABLE_PREVIEWS = YES;
				GENERATE_INFOPLIST_FILE = YES;
				INFOPLIST_KEY_UIApplicationSceneManifest_Generation = YES;
				INFOPLIST_KEY_UIApplicationSupportsIndirectInputEvents = YES;
				INFOPLIST_KEY_UILaunchScreen_Generation = YES;
				INFOPLIST_KEY_UISupportedInterfaceOrientations_iPad = "UIInterfaceOrientationPortrait UIInterfaceOrientationPortraitUpsideDown UIInterfaceOrientationLandscapeLeft UIInterfaceOrientationLandscapeRight";
				INFOPLIST_KEY_UISupportedInterfaceOrientations_iPhone = "UIInterfaceOrientationPortrait UIInterfaceOrientationLandscapeLeft UIInterfaceOrientationLandscapeRight";
				LD_RUNPATH_SEARCH_PATHS = (
					"$(inherited)",
					"@executable_path/Frameworks",
				);
				MARKETING_VERSION = 1.0;
				PRODUCT_BUNDLE_IDENTIFIER = com.jasperKolp.aiPhotoDiary;
				PRODUCT_NAME = "$(TARGET_NAME)";
				SWIFT_EMIT_LOC_STRINGS = YES;
				SWIFT_VERSION = 5.0;
				TARGETED_DEVICE_FAMILY = "1,2";
			};
			name = Debug;
		};
		A4D5E9362C16C3CA006410AE /* Release */ = {
			isa = XCBuildConfiguration;
			buildSettings = {
				ASSETCATALOG_COMPILER_APPICON_NAME = AppIcon;
				ASSETCATALOG_COMPILER_GLOBAL_ACCENT_COLOR_NAME = AccentColor;
				CODE_SIGN_STYLE = Automatic;
				CURRENT_PROJECT_VERSION = 1;
				DEVELOPMENT_ASSET_PATHS = "\"aiPhotoDiary/Preview Content\"";
				ENABLE_PREVIEWS = YES;
				GENERATE_INFOPLIST_FILE = YES;
				INFOPLIST_KEY_UIApplicationSceneManifest_Generation = YES;
				INFOPLIST_KEY_UIApplicationSupportsIndirectInputEvents = YES;
				INFOPLIST_KEY_UILaunchScreen_Generation = YES;
				INFOPLIST_KEY_UISupportedInterfaceOrientations_iPad = "UIInterfaceOrientationPortrait UIInterfaceOrientationPortraitUpsideDown UIInterfaceOrientationLandscapeLeft UIInterfaceOrientationLandscapeRight";
				INFOPLIST_KEY_UISupportedInterfaceOrientations_iPhone = "UIInterfaceOrientationPortrait UIInterfaceOrientationLandscapeLeft UIInterfaceOrientationLandscapeRight";
				LD_RUNPATH_SEARCH_PATHS = (
					"$(inherited)",
					"@executable_path/Frameworks",
				);
				MARKETING_VERSION = 1.0;
				PRODUCT_BUNDLE_IDENTIFIER = com.jasperKolp.aiPhotoDiary;
				PRODUCT_NAME = "$(TARGET_NAME)";
				SWIFT_EMIT_LOC_STRINGS = YES;
				SWIFT_VERSION = 5.0;
				TARGETED_DEVICE_FAMILY = "1,2";
			};
			name = Release;
		};
/* End XCBuildConfiguration section */

/* Begin XCConfigurationList section */
		A4D5E9212C16C3C8006410AE /* Build configuration list for PBXProject "aiPhotoDiary" */ = {
			isa = XCConfigurationList;
			buildConfigurations = (
				A4D5E9322C16C3CA006410AE /* Debug */,
				A4D5E9332C16C3CA006410AE /* Release */,
			);
			defaultConfigurationIsVisible = 0;
			defaultConfigurationName = Release;
		};
		A4D5E9342C16C3CA006410AE /* Build configuration list for PBXNativeTarget "aiPhotoDiary" */ = {
			isa = XCConfigurationList;
			buildConfigurations = (
				A4D5E9352C16C3CA006410AE /* Debug */,
				A4D5E9362C16C3CA006410AE /* Release */,
			);
			defaultConfigurationIsVisible = 0;
			defaultConfigurationName = Release;
		};
/* End XCConfigurationList section */
	};
	rootObject = A4D5E91E2C16C3C8006410AE /* Project object */;
}
